// !$*UTF8*$!
{
	archiveVersion = 1;
	classes = {
	};
	objectVersion = 55;
	objects = {

/* Begin PBXBuildFile section */
		6F6FFADF28B0DCAF00DABF49 /* ComoveApp.swift in Sources */ = {isa = PBXBuildFile; fileRef = 6F6FFADE28B0DCAF00DABF49 /* ComoveApp.swift */; };
		6F6FFAE128B0DCAF00DABF49 /* ContentView.swift in Sources */ = {isa = PBXBuildFile; fileRef = 6F6FFAE028B0DCAF00DABF49 /* ContentView.swift */; };
		6F6FFAE328B0DCB300DABF49 /* Assets.xcassets in Resources */ = {isa = PBXBuildFile; fileRef = 6F6FFAE228B0DCB300DABF49 /* Assets.xcassets */; };
		6F6FFAE628B0DCB300DABF49 /* Preview Assets.xcassets in Resources */ = {isa = PBXBuildFile; fileRef = 6F6FFAE528B0DCB300DABF49 /* Preview Assets.xcassets */; };
		6F6FFAE828B0DCB300DABF49 /* Persistence.swift in Sources */ = {isa = PBXBuildFile; fileRef = 6F6FFAE728B0DCB300DABF49 /* Persistence.swift */; };
		6F6FFAEB28B0DCB300DABF49 /* Comove.xcdatamodeld in Sources */ = {isa = PBXBuildFile; fileRef = 6F6FFAE928B0DCB300DABF49 /* Comove.xcdatamodeld */; };
		6F6FFAF528B0DCB300DABF49 /* ComoveTests.swift in Sources */ = {isa = PBXBuildFile; fileRef = 6F6FFAF428B0DCB300DABF49 /* ComoveTests.swift */; };
		6F6FFAFF28B0DCB300DABF49 /* ComoveUITests.swift in Sources */ = {isa = PBXBuildFile; fileRef = 6F6FFAFE28B0DCB300DABF49 /* ComoveUITests.swift */; };
		6F6FFB0128B0DCB300DABF49 /* ComoveUITestsLaunchTests.swift in Sources */ = {isa = PBXBuildFile; fileRef = 6F6FFB0028B0DCB300DABF49 /* ComoveUITestsLaunchTests.swift */; };
/* End PBXBuildFile section */

/* Begin PBXContainerItemProxy section */
		6F6FFAF128B0DCB300DABF49 /* PBXContainerItemProxy */ = {
			isa = PBXContainerItemProxy;
			containerPortal = 6F6FFAD328B0DCAF00DABF49 /* Project object */;
			proxyType = 1;
			remoteGlobalIDString = 6F6FFADA28B0DCAF00DABF49;
			remoteInfo = Comove;
		};
		6F6FFAFB28B0DCB300DABF49 /* PBXContainerItemProxy */ = {
			isa = PBXContainerItemProxy;
			containerPortal = 6F6FFAD328B0DCAF00DABF49 /* Project object */;
			proxyType = 1;
			remoteGlobalIDString = 6F6FFADA28B0DCAF00DABF49;
			remoteInfo = Comove;
		};
/* End PBXContainerItemProxy section */

/* Begin PBXFileReference section */
		6F6FFADB28B0DCAF00DABF49 /* Comove.app */ = {isa = PBXFileReference; explicitFileType = wrapper.application; includeInIndex = 0; path = Comove.app; sourceTree = BUILT_PRODUCTS_DIR; };
		6F6FFADE28B0DCAF00DABF49 /* ComoveApp.swift */ = {isa = PBXFileReference; lastKnownFileType = sourcecode.swift; path = ComoveApp.swift; sourceTree = "<group>"; };
		6F6FFAE028B0DCAF00DABF49 /* ContentView.swift */ = {isa = PBXFileReference; lastKnownFileType = sourcecode.swift; path = ContentView.swift; sourceTree = "<group>"; };
		6F6FFAE228B0DCB300DABF49 /* Assets.xcassets */ = {isa = PBXFileReference; lastKnownFileType = folder.assetcatalog; path = Assets.xcassets; sourceTree = "<group>"; };
		6F6FFAE528B0DCB300DABF49 /* Preview Assets.xcassets */ = {isa = PBXFileReference; lastKnownFileType = folder.assetcatalog; path = "Preview Assets.xcassets"; sourceTree = "<group>"; };
		6F6FFAE728B0DCB300DABF49 /* Persistence.swift */ = {isa = PBXFileReference; lastKnownFileType = sourcecode.swift; path = Persistence.swift; sourceTree = "<group>"; };
		6F6FFAEA28B0DCB300DABF49 /* Comove.xcdatamodel */ = {isa = PBXFileReference; lastKnownFileType = wrapper.xcdatamodel; path = Comove.xcdatamodel; sourceTree = "<group>"; };
		6F6FFAF028B0DCB300DABF49 /* ComoveTests.xctest */ = {isa = PBXFileReference; explicitFileType = wrapper.cfbundle; includeInIndex = 0; path = ComoveTests.xctest; sourceTree = BUILT_PRODUCTS_DIR; };
		6F6FFAF428B0DCB300DABF49 /* ComoveTests.swift */ = {isa = PBXFileReference; lastKnownFileType = sourcecode.swift; path = ComoveTests.swift; sourceTree = "<group>"; };
		6F6FFAFA28B0DCB300DABF49 /* ComoveUITests.xctest */ = {isa = PBXFileReference; explicitFileType = wrapper.cfbundle; includeInIndex = 0; path = ComoveUITests.xctest; sourceTree = BUILT_PRODUCTS_DIR; };
		6F6FFAFE28B0DCB300DABF49 /* ComoveUITests.swift */ = {isa = PBXFileReference; lastKnownFileType = sourcecode.swift; path = ComoveUITests.swift; sourceTree = "<group>"; };
		6F6FFB0028B0DCB300DABF49 /* ComoveUITestsLaunchTests.swift */ = {isa = PBXFileReference; lastKnownFileType = sourcecode.swift; path = ComoveUITestsLaunchTests.swift; sourceTree = "<group>"; };
/* End PBXFileReference section */

/* Begin PBXFrameworksBuildPhase section */
		6F6FFAD828B0DCAF00DABF49 /* Frameworks */ = {
			isa = PBXFrameworksBuildPhase;
			buildActionMask = 2147483647;
			files = (
			);
			runOnlyForDeploymentPostprocessing = 0;
		};
		6F6FFAED28B0DCB300DABF49 /* Frameworks */ = {
			isa = PBXFrameworksBuildPhase;
			buildActionMask = 2147483647;
			files = (
			);
			runOnlyForDeploymentPostprocessing = 0;
		};
		6F6FFAF728B0DCB300DABF49 /* Frameworks */ = {
			isa = PBXFrameworksBuildPhase;
			buildActionMask = 2147483647;
			files = (
			);
			runOnlyForDeploymentPostprocessing = 0;
		};
/* End PBXFrameworksBuildPhase section */

/* Begin PBXGroup section */
		6F6FFAD228B0DCAF00DABF49 = {
			isa = PBXGroup;
			children = (
				6F6FFADD28B0DCAF00DABF49 /* Comove */,
				6F6FFAF328B0DCB300DABF49 /* ComoveTests */,
				6F6FFAFD28B0DCB300DABF49 /* ComoveUITests */,
				6F6FFADC28B0DCAF00DABF49 /* Products */,
			);
			sourceTree = "<group>";
		};
		6F6FFADC28B0DCAF00DABF49 /* Products */ = {
			isa = PBXGroup;
			children = (
				6F6FFADB28B0DCAF00DABF49 /* Comove.app */,
				6F6FFAF028B0DCB300DABF49 /* ComoveTests.xctest */,
				6F6FFAFA28B0DCB300DABF49 /* ComoveUITests.xctest */,
			);
			name = Products;
			sourceTree = "<group>";
		};
		6F6FFADD28B0DCAF00DABF49 /* Comove */ = {
			isa = PBXGroup;
			children = (
				6F6FFADE28B0DCAF00DABF49 /* ComoveApp.swift */,
				6F6FFAE028B0DCAF00DABF49 /* ContentView.swift */,
				6F6FFAE228B0DCB300DABF49 /* Assets.xcassets */,
				6F6FFAE728B0DCB300DABF49 /* Persistence.swift */,
				6F6FFAE928B0DCB300DABF49 /* Comove.xcdatamodeld */,
				6F6FFAE428B0DCB300DABF49 /* Preview Content */,
			);
			path = Comove;
			sourceTree = "<group>";
		};
		6F6FFAE428B0DCB300DABF49 /* Preview Content */ = {
			isa = PBXGroup;
			children = (
				6F6FFAE528B0DCB300DABF49 /* Preview Assets.xcassets */,
			);
			path = "Preview Content";
			sourceTree = "<group>";
		};
		6F6FFAF328B0DCB300DABF49 /* ComoveTests */ = {
			isa = PBXGroup;
			children = (
				6F6FFAF428B0DCB300DABF49 /* ComoveTests.swift */,
			);
			path = ComoveTests;
			sourceTree = "<group>";
		};
		6F6FFAFD28B0DCB300DABF49 /* ComoveUITests */ = {
			isa = PBXGroup;
			children = (
				6F6FFAFE28B0DCB300DABF49 /* ComoveUITests.swift */,
				6F6FFB0028B0DCB300DABF49 /* ComoveUITestsLaunchTests.swift */,
			);
			path = ComoveUITests;
			sourceTree = "<group>";
		};
/* End PBXGroup section */

/* Begin PBXNativeTarget section */
		6F6FFADA28B0DCAF00DABF49 /* Comove */ = {
			isa = PBXNativeTarget;
			buildConfigurationList = 6F6FFB0428B0DCB300DABF49 /* Build configuration list for PBXNativeTarget "Comove" */;
			buildPhases = (
				6F6FFAD728B0DCAF00DABF49 /* Sources */,
				6F6FFAD828B0DCAF00DABF49 /* Frameworks */,
				6F6FFAD928B0DCAF00DABF49 /* Resources */,
			);
			buildRules = (
			);
			dependencies = (
			);
			name = Comove;
			productName = Comove;
			productReference = 6F6FFADB28B0DCAF00DABF49 /* Comove.app */;
			productType = "com.apple.product-type.application";
		};
		6F6FFAEF28B0DCB300DABF49 /* ComoveTests */ = {
			isa = PBXNativeTarget;
			buildConfigurationList = 6F6FFB0728B0DCB300DABF49 /* Build configuration list for PBXNativeTarget "ComoveTests" */;
			buildPhases = (
				6F6FFAEC28B0DCB300DABF49 /* Sources */,
				6F6FFAED28B0DCB300DABF49 /* Frameworks */,
				6F6FFAEE28B0DCB300DABF49 /* Resources */,
			);
			buildRules = (
			);
			dependencies = (
				6F6FFAF228B0DCB300DABF49 /* PBXTargetDependency */,
			);
			name = ComoveTests;
			productName = ComoveTests;
			productReference = 6F6FFAF028B0DCB300DABF49 /* ComoveTests.xctest */;
			productType = "com.apple.product-type.bundle.unit-test";
		};
		6F6FFAF928B0DCB300DABF49 /* ComoveUITests */ = {
			isa = PBXNativeTarget;
			buildConfigurationList = 6F6FFB0A28B0DCB300DABF49 /* Build configuration list for PBXNativeTarget "ComoveUITests" */;
			buildPhases = (
				6F6FFAF628B0DCB300DABF49 /* Sources */,
				6F6FFAF728B0DCB300DABF49 /* Frameworks */,
				6F6FFAF828B0DCB300DABF49 /* Resources */,
			);
			buildRules = (
			);
			dependencies = (
				6F6FFAFC28B0DCB300DABF49 /* PBXTargetDependency */,
			);
			name = ComoveUITests;
			productName = ComoveUITests;
			productReference = 6F6FFAFA28B0DCB300DABF49 /* ComoveUITests.xctest */;
			productType = "com.apple.product-type.bundle.ui-testing";
		};
/* End PBXNativeTarget section */

/* Begin PBXProject section */
		6F6FFAD328B0DCAF00DABF49 /* Project object */ = {
			isa = PBXProject;
			attributes = {
				BuildIndependentTargetsInParallel = 1;
				LastSwiftUpdateCheck = 1340;
				LastUpgradeCheck = 1340;
				TargetAttributes = {
					6F6FFADA28B0DCAF00DABF49 = {
						CreatedOnToolsVersion = 13.4.1;
					};
					6F6FFAEF28B0DCB300DABF49 = {
						CreatedOnToolsVersion = 13.4.1;
						TestTargetID = 6F6FFADA28B0DCAF00DABF49;
					};
					6F6FFAF928B0DCB300DABF49 = {
						CreatedOnToolsVersion = 13.4.1;
						TestTargetID = 6F6FFADA28B0DCAF00DABF49;
					};
				};
			};
			buildConfigurationList = 6F6FFAD628B0DCAF00DABF49 /* Build configuration list for PBXProject "Comove" */;
			compatibilityVersion = "Xcode 13.0";
			developmentRegion = en;
			hasScannedForEncodings = 0;
			knownRegions = (
				en,
				Base,
			);
			mainGroup = 6F6FFAD228B0DCAF00DABF49;
			productRefGroup = 6F6FFADC28B0DCAF00DABF49 /* Products */;
			projectDirPath = "";
			projectRoot = "";
			targets = (
				6F6FFADA28B0DCAF00DABF49 /* Comove */,
				6F6FFAEF28B0DCB300DABF49 /* ComoveTests */,
				6F6FFAF928B0DCB300DABF49 /* ComoveUITests */,
			);
		};
/* End PBXProject section */

/* Begin PBXResourcesBuildPhase section */
		6F6FFAD928B0DCAF00DABF49 /* Resources */ = {
			isa = PBXResourcesBuildPhase;
			buildActionMask = 2147483647;
			files = (
				6F6FFAE628B0DCB300DABF49 /* Preview Assets.xcassets in Resources */,
				6F6FFAE328B0DCB300DABF49 /* Assets.xcassets in Resources */,
			);
			runOnlyForDeploymentPostprocessing = 0;
		};
		6F6FFAEE28B0DCB300DABF49 /* Resources */ = {
			isa = PBXResourcesBuildPhase;
			buildActionMask = 2147483647;
			files = (
			);
			runOnlyForDeploymentPostprocessing = 0;
		};
		6F6FFAF828B0DCB300DABF49 /* Resources */ = {
			isa = PBXResourcesBuildPhase;
			buildActionMask = 2147483647;
			files = (
			);
			runOnlyForDeploymentPostprocessing = 0;
		};
/* End PBXResourcesBuildPhase section */

/* Begin PBXSourcesBuildPhase section */
		6F6FFAD728B0DCAF00DABF49 /* Sources */ = {
			isa = PBXSourcesBuildPhase;
			buildActionMask = 2147483647;
			files = (
				6F6FFAEB28B0DCB300DABF49 /* Comove.xcdatamodeld in Sources */,
				6F6FFAE828B0DCB300DABF49 /* Persistence.swift in Sources */,
				6F6FFAE128B0DCAF00DABF49 /* ContentView.swift in Sources */,
				6F6FFADF28B0DCAF00DABF49 /* ComoveApp.swift in Sources */,
			);
			runOnlyForDeploymentPostprocessing = 0;
		};
		6F6FFAEC28B0DCB300DABF49 /* Sources */ = {
			isa = PBXSourcesBuildPhase;
			buildActionMask = 2147483647;
			files = (
				6F6FFAF528B0DCB300DABF49 /* ComoveTests.swift in Sources */,
			);
			runOnlyForDeploymentPostprocessing = 0;
		};
		6F6FFAF628B0DCB300DABF49 /* Sources */ = {
			isa = PBXSourcesBuildPhase;
			buildActionMask = 2147483647;
			files = (
				6F6FFAFF28B0DCB300DABF49 /* ComoveUITests.swift in Sources */,
				6F6FFB0128B0DCB300DABF49 /* ComoveUITestsLaunchTests.swift in Sources */,
			);
			runOnlyForDeploymentPostprocessing = 0;
		};
/* End PBXSourcesBuildPhase section */

/* Begin PBXTargetDependency section */
		6F6FFAF228B0DCB300DABF49 /* PBXTargetDependency */ = {
			isa = PBXTargetDependency;
			target = 6F6FFADA28B0DCAF00DABF49 /* Comove */;
			targetProxy = 6F6FFAF128B0DCB300DABF49 /* PBXContainerItemProxy */;
		};
		6F6FFAFC28B0DCB300DABF49 /* PBXTargetDependency */ = {
			isa = PBXTargetDependency;
			target = 6F6FFADA28B0DCAF00DABF49 /* Comove */;
			targetProxy = 6F6FFAFB28B0DCB300DABF49 /* PBXContainerItemProxy */;
		};
/* End PBXTargetDependency section */

/* Begin XCBuildConfiguration section */
		6F6FFB0228B0DCB300DABF49 /* Debug */ = {
			isa = XCBuildConfiguration;
			buildSettings = {
				ALWAYS_SEARCH_USER_PATHS = NO;
				CLANG_ANALYZER_NONNULL = YES;
				CLANG_ANALYZER_NUMBER_OBJECT_CONVERSION = YES_AGGRESSIVE;
				CLANG_CXX_LANGUAGE_STANDARD = "gnu++17";
				CLANG_ENABLE_MODULES = YES;
				CLANG_ENABLE_OBJC_ARC = YES;
				CLANG_ENABLE_OBJC_WEAK = YES;
				CLANG_WARN_BLOCK_CAPTURE_AUTORELEASING = YES;
				CLANG_WARN_BOOL_CONVERSION = YES;
				CLANG_WARN_COMMA = YES;
				CLANG_WARN_CONSTANT_CONVERSION = YES;
				CLANG_WARN_DEPRECATED_OBJC_IMPLEMENTATIONS = YES;
				CLANG_WARN_DIRECT_OBJC_ISA_USAGE = YES_ERROR;
				CLANG_WARN_DOCUMENTATION_COMMENTS = YES;
				CLANG_WARN_EMPTY_BODY = YES;
				CLANG_WARN_ENUM_CONVERSION = YES;
				CLANG_WARN_INFINITE_RECURSION = YES;
				CLANG_WARN_INT_CONVERSION = YES;
				CLANG_WARN_NON_LITERAL_NULL_CONVERSION = YES;
				CLANG_WARN_OBJC_IMPLICIT_RETAIN_SELF = YES;
				CLANG_WARN_OBJC_LITERAL_CONVERSION = YES;
				CLANG_WARN_OBJC_ROOT_CLASS = YES_ERROR;
				CLANG_WARN_QUOTED_INCLUDE_IN_FRAMEWORK_HEADER = YES;
				CLANG_WARN_RANGE_LOOP_ANALYSIS = YES;
				CLANG_WARN_STRICT_PROTOTYPES = YES;
				CLANG_WARN_SUSPICIOUS_MOVE = YES;
				CLANG_WARN_UNGUARDED_AVAILABILITY = YES_AGGRESSIVE;
				CLANG_WARN_UNREACHABLE_CODE = YES;
				CLANG_WARN__DUPLICATE_METHOD_MATCH = YES;
				COPY_PHASE_STRIP = NO;
				DEBUG_INFORMATION_FORMAT = dwarf;
				ENABLE_STRICT_OBJC_MSGSEND = YES;
				ENABLE_TESTABILITY = YES;
				GCC_C_LANGUAGE_STANDARD = gnu11;
				GCC_DYNAMIC_NO_PIC = NO;
				GCC_NO_COMMON_BLOCKS = YES;
				GCC_OPTIMIZATION_LEVEL = 0;
				GCC_PREPROCESSOR_DEFINITIONS = (
					"DEBUG=1",
					"$(inherited)",
				);
				GCC_WARN_64_TO_32_BIT_CONVERSION = YES;
				GCC_WARN_ABOUT_RETURN_TYPE = YES_ERROR;
				GCC_WARN_UNDECLARED_SELECTOR = YES;
				GCC_WARN_UNINITIALIZED_AUTOS = YES_AGGRESSIVE;
				GCC_WARN_UNUSED_FUNCTION = YES;
				GCC_WARN_UNUSED_VARIABLE = YES;
				IPHONEOS_DEPLOYMENT_TARGET = 15.5;
				MTL_ENABLE_DEBUG_INFO = INCLUDE_SOURCE;
				MTL_FAST_MATH = YES;
				ONLY_ACTIVE_ARCH = YES;
				SDKROOT = iphoneos;
				SWIFT_ACTIVE_COMPILATION_CONDITIONS = DEBUG;
				SWIFT_OPTIMIZATION_LEVEL = "-Onone";
			};
			name = Debug;
		};
		6F6FFB0328B0DCB300DABF49 /* Release */ = {
			isa = XCBuildConfiguration;
			buildSettings = {
				ALWAYS_SEARCH_USER_PATHS = NO;
				CLANG_ANALYZER_NONNULL = YES;
				CLANG_ANALYZER_NUMBER_OBJECT_CONVERSION = YES_AGGRESSIVE;
				CLANG_CXX_LANGUAGE_STANDARD = "gnu++17";
				CLANG_ENABLE_MODULES = YES;
				CLANG_ENABLE_OBJC_ARC = YES;
				CLANG_ENABLE_OBJC_WEAK = YES;
				CLANG_WARN_BLOCK_CAPTURE_AUTORELEASING = YES;
				CLANG_WARN_BOOL_CONVERSION = YES;
				CLANG_WARN_COMMA = YES;
				CLANG_WARN_CONSTANT_CONVERSION = YES;
				CLANG_WARN_DEPRECATED_OBJC_IMPLEMENTATIONS = YES;
				CLANG_WARN_DIRECT_OBJC_ISA_USAGE = YES_ERROR;
				CLANG_WARN_DOCUMENTATION_COMMENTS = YES;
				CLANG_WARN_EMPTY_BODY = YES;
				CLANG_WARN_ENUM_CONVERSION = YES;
				CLANG_WARN_INFINITE_RECURSION = YES;
				CLANG_WARN_INT_CONVERSION = YES;
				CLANG_WARN_NON_LITERAL_NULL_CONVERSION = YES;
				CLANG_WARN_OBJC_IMPLICIT_RETAIN_SELF = YES;
				CLANG_WARN_OBJC_LITERAL_CONVERSION = YES;
				CLANG_WARN_OBJC_ROOT_CLASS = YES_ERROR;
				CLANG_WARN_QUOTED_INCLUDE_IN_FRAMEWORK_HEADER = YES;
				CLANG_WARN_RANGE_LOOP_ANALYSIS = YES;
				CLANG_WARN_STRICT_PROTOTYPES = YES;
				CLANG_WARN_SUSPICIOUS_MOVE = YES;
				CLANG_WARN_UNGUARDED_AVAILABILITY = YES_AGGRESSIVE;
				CLANG_WARN_UNREACHABLE_CODE = YES;
				CLANG_WARN__DUPLICATE_METHOD_MATCH = YES;
				COPY_PHASE_STRIP = NO;
				DEBUG_INFORMATION_FORMAT = "dwarf-with-dsym";
				ENABLE_NS_ASSERTIONS = NO;
				ENABLE_STRICT_OBJC_MSGSEND = YES;
				GCC_C_LANGUAGE_STANDARD = gnu11;
				GCC_NO_COMMON_BLOCKS = YES;
				GCC_WARN_64_TO_32_BIT_CONVERSION = YES;
				GCC_WARN_ABOUT_RETURN_TYPE = YES_ERROR;
				GCC_WARN_UNDECLARED_SELECTOR = YES;
				GCC_WARN_UNINITIALIZED_AUTOS = YES_AGGRESSIVE;
				GCC_WARN_UNUSED_FUNCTION = YES;
				GCC_WARN_UNUSED_VARIABLE = YES;
				IPHONEOS_DEPLOYMENT_TARGET = 15.5;
				MTL_ENABLE_DEBUG_INFO = NO;
				MTL_FAST_MATH = YES;
				SDKROOT = iphoneos;
				SWIFT_COMPILATION_MODE = wholemodule;
				SWIFT_OPTIMIZATION_LEVEL = "-O";
				VALIDATE_PRODUCT = YES;
			};
			name = Release;
		};
		6F6FFB0528B0DCB300DABF49 /* Debug */ = {
			isa = XCBuildConfiguration;
			buildSettings = {
				ASSETCATALOG_COMPILER_APPICON_NAME = AppIcon;
				ASSETCATALOG_COMPILER_GLOBAL_ACCENT_COLOR_NAME = AccentColor;
				CODE_SIGN_STYLE = Automatic;
				CURRENT_PROJECT_VERSION = 1;
				DEVELOPMENT_ASSET_PATHS = "\"Comove/Preview Content\"";
				DEVELOPMENT_TEAM = LW3PL5B242;
				ENABLE_PREVIEWS = YES;
				GENERATE_INFOPLIST_FILE = YES;
				INFOPLIST_KEY_UIApplicationSceneManifest_Generation = YES;
				INFOPLIST_KEY_UIApplicationSupportsIndirectInputEvents = YES;
				INFOPLIST_KEY_UILaunchScreen_Generation = YES;
				INFOPLIST_KEY_UISupportedInterfaceOrientations_iPad = "UIInterfaceOrientationPortrait UIInterfaceOrientationPortraitUpsideDown UIInterfaceOrientationLandscapeLeft UIInterfaceOrientationLandscapeRight";
				INFOPLIST_KEY_UISupportedInterfaceOrientations_iPhone = "UIInterfaceOrientationPortrait UIInterfaceOrientationLandscapeLeft UIInterfaceOrientationLandscapeRight";
				LD_RUNPATH_SEARCH_PATHS = (
					"$(inherited)",
					"@executable_path/Frameworks",
				);
				MARKETING_VERSION = 1.0;
				PRODUCT_BUNDLE_IDENTIFIER = ru.akozin.Comove;
				PRODUCT_NAME = "$(TARGET_NAME)";
				SWIFT_EMIT_LOC_STRINGS = YES;
				SWIFT_VERSION = 5.0;
				TARGETED_DEVICE_FAMILY = "1,2";
			};
			name = Debug;
		};
		6F6FFB0628B0DCB300DABF49 /* Release */ = {
			isa = XCBuildConfiguration;
			buildSettings = {
				ASSETCATALOG_COMPILER_APPICON_NAME = AppIcon;
				ASSETCATALOG_COMPILER_GLOBAL_ACCENT_COLOR_NAME = AccentColor;
				CODE_SIGN_STYLE = Automatic;
				CURRENT_PROJECT_VERSION = 1;
				DEVELOPMENT_ASSET_PATHS = "\"Comove/Preview Content\"";
				DEVELOPMENT_TEAM = LW3PL5B242;
				ENABLE_PREVIEWS = YES;
				GENERATE_INFOPLIST_FILE = YES;
				INFOPLIST_KEY_UIApplicationSceneManifest_Generation = YES;
				INFOPLIST_KEY_UIApplicationSupportsIndirectInputEvents = YES;
				INFOPLIST_KEY_UILaunchScreen_Generation = YES;
				INFOPLIST_KEY_UISupportedInterfaceOrientations_iPad = "UIInterfaceOrientationPortrait UIInterfaceOrientationPortraitUpsideDown UIInterfaceOrientationLandscapeLeft UIInterfaceOrientationLandscapeRight";
				INFOPLIST_KEY_UISupportedInterfaceOrientations_iPhone = "UIInterfaceOrientationPortrait UIInterfaceOrientationLandscapeLeft UIInterfaceOrientationLandscapeRight";
				LD_RUNPATH_SEARCH_PATHS = (
					"$(inherited)",
					"@executable_path/Frameworks",
				);
				MARKETING_VERSION = 1.0;
				PRODUCT_BUNDLE_IDENTIFIER = ru.akozin.Comove;
				PRODUCT_NAME = "$(TARGET_NAME)";
				SWIFT_EMIT_LOC_STRINGS = YES;
				SWIFT_VERSION = 5.0;
				TARGETED_DEVICE_FAMILY = "1,2";
			};
			name = Release;
		};
		6F6FFB0828B0DCB300DABF49 /* Debug */ = {
			isa = XCBuildConfiguration;
			buildSettings = {
				ALWAYS_EMBED_SWIFT_STANDARD_LIBRARIES = YES;
				BUNDLE_LOADER = "$(TEST_HOST)";
				CODE_SIGN_STYLE = Automatic;
				CURRENT_PROJECT_VERSION = 1;
				DEVELOPMENT_TEAM = LW3PL5B242;
				GENERATE_INFOPLIST_FILE = YES;
				IPHONEOS_DEPLOYMENT_TARGET = 15.5;
				MARKETING_VERSION = 1.0;
				PRODUCT_BUNDLE_IDENTIFIER = ru.akozin.ComoveTests;
				PRODUCT_NAME = "$(TARGET_NAME)";
				SWIFT_EMIT_LOC_STRINGS = NO;
				SWIFT_VERSION = 5.0;
				TARGETED_DEVICE_FAMILY = "1,2";
				TEST_HOST = "$(BUILT_PRODUCTS_DIR)/Comove.app/Comove";
			};
			name = Debug;
		};
		6F6FFB0928B0DCB300DABF49 /* Release */ = {
			isa = XCBuildConfiguration;
			buildSettings = {
				ALWAYS_EMBED_SWIFT_STANDARD_LIBRARIES = YES;
				BUNDLE_LOADER = "$(TEST_HOST)";
				CODE_SIGN_STYLE = Automatic;
				CURRENT_PROJECT_VERSION = 1;
				DEVELOPMENT_TEAM = LW3PL5B242;
				GENERATE_INFOPLIST_FILE = YES;
				IPHONEOS_DEPLOYMENT_TARGET = 15.5;
				MARKETING_VERSION = 1.0;
				PRODUCT_BUNDLE_IDENTIFIER = ru.akozin.ComoveTests;
				PRODUCT_NAME = "$(TARGET_NAME)";
				SWIFT_EMIT_LOC_STRINGS = NO;
				SWIFT_VERSION = 5.0;
				TARGETED_DEVICE_FAMILY = "1,2";
				TEST_HOST = "$(BUILT_PRODUCTS_DIR)/Comove.app/Comove";
			};
			name = Release;
		};
		6F6FFB0B28B0DCB300DABF49 /* Debug */ = {
			isa = XCBuildConfiguration;
			buildSettings = {
				ALWAYS_EMBED_SWIFT_STANDARD_LIBRARIES = YES;
				CODE_SIGN_STYLE = Automatic;
				CURRENT_PROJECT_VERSION = 1;
				DEVELOPMENT_TEAM = LW3PL5B242;
				GENERATE_INFOPLIST_FILE = YES;
				MARKETING_VERSION = 1.0;
				PRODUCT_BUNDLE_IDENTIFIER = ru.akozin.ComoveUITests;
				PRODUCT_NAME = "$(TARGET_NAME)";
				SWIFT_EMIT_LOC_STRINGS = NO;
				SWIFT_VERSION = 5.0;
				TARGETED_DEVICE_FAMILY = "1,2";
				TEST_TARGET_NAME = Comove;
			};
			name = Debug;
		};
		6F6FFB0C28B0DCB300DABF49 /* Release */ = {
			isa = XCBuildConfiguration;
			buildSettings = {
				ALWAYS_EMBED_SWIFT_STANDARD_LIBRARIES = YES;
				CODE_SIGN_STYLE = Automatic;
				CURRENT_PROJECT_VERSION = 1;
				DEVELOPMENT_TEAM = LW3PL5B242;
				GENERATE_INFOPLIST_FILE = YES;
				MARKETING_VERSION = 1.0;
				PRODUCT_BUNDLE_IDENTIFIER = ru.akozin.ComoveUITests;
				PRODUCT_NAME = "$(TARGET_NAME)";
				SWIFT_EMIT_LOC_STRINGS = NO;
				SWIFT_VERSION = 5.0;
				TARGETED_DEVICE_FAMILY = "1,2";
				TEST_TARGET_NAME = Comove;
			};
			name = Release;
		};
/* End XCBuildConfiguration section */

/* Begin XCConfigurationList section */
		6F6FFAD628B0DCAF00DABF49 /* Build configuration list for PBXProject "Comove" */ = {
			isa = XCConfigurationList;
			buildConfigurations = (
				6F6FFB0228B0DCB300DABF49 /* Debug */,
				6F6FFB0328B0DCB300DABF49 /* Release */,
			);
			defaultConfigurationIsVisible = 0;
			defaultConfigurationName = Release;
		};
		6F6FFB0428B0DCB300DABF49 /* Build configuration list for PBXNativeTarget "Comove" */ = {
			isa = XCConfigurationList;
			buildConfigurations = (
				6F6FFB0528B0DCB300DABF49 /* Debug */,
				6F6FFB0628B0DCB300DABF49 /* Release */,
			);
			defaultConfigurationIsVisible = 0;
			defaultConfigurationName = Release;
		};
		6F6FFB0728B0DCB300DABF49 /* Build configuration list for PBXNativeTarget "ComoveTests" */ = {
			isa = XCConfigurationList;
			buildConfigurations = (
				6F6FFB0828B0DCB300DABF49 /* Debug */,
				6F6FFB0928B0DCB300DABF49 /* Release */,
			);
			defaultConfigurationIsVisible = 0;
			defaultConfigurationName = Release;
		};
		6F6FFB0A28B0DCB300DABF49 /* Build configuration list for PBXNativeTarget "ComoveUITests" */ = {
			isa = XCConfigurationList;
			buildConfigurations = (
				6F6FFB0B28B0DCB300DABF49 /* Debug */,
				6F6FFB0C28B0DCB300DABF49 /* Release */,
			);
			defaultConfigurationIsVisible = 0;
			defaultConfigurationName = Release;
		};
/* End XCConfigurationList section */

/* Begin XCVersionGroup section */
		6F6FFAE928B0DCB300DABF49 /* Comove.xcdatamodeld */ = {
			isa = XCVersionGroup;
			children = (
				6F6FFAEA28B0DCB300DABF49 /* Comove.xcdatamodel */,
			);
			currentVersion = 6F6FFAEA28B0DCB300DABF49 /* Comove.xcdatamodel */;
			path = Comove.xcdatamodeld;
			sourceTree = "<group>";
			versionGroupType = wrapper.xcdatamodel;
		};
/* End XCVersionGroup section */
	};
	rootObject = 6F6FFAD328B0DCAF00DABF49 /* Project object */;
}
